{
	"name": "deflated-js",
	"lockfileVersion": 2,
	"requires": true,
	"packages": {
		"": {
			"dependencies": {
				"zopfli.js": "^1.0.0"
			},
			"devDependencies": {
				"@types/node": "^18.0.0"
			}
		},
		"node_modules/@types/node": {
			"version": "18.0.0",
			"resolved": "https://registry.npmjs.org/@types/node/-/node-18.0.0.tgz",
			"integrity": "sha512-cHlGmko4gWLVI27cGJntjs/Sj8th9aYwplmZFwmmgYQQvL5NUsgVJG7OddLvNfLqYS31KFN0s3qlaD9qCaxACA==",
			"dev": true
		},
		"node_modules/zopfli.js": {
			"version": "1.0.0",
			"resolved": "https://registry.npmjs.org/zopfli.js/-/zopfli.js-1.0.0.tgz",
			"integrity": "sha512-/MIEHW2r5/5LCf54Yf9/HmUls6aEVRLU/y5ii1D+l0PlFf7Va5K2e/m+G7o3CLhFsT1pfiFO9HAiBcb/lkGUBg=="
		}
	},
	"dependencies": {
		"@types/node": {
			"version": "18.0.0",
			"resolved": "https://registry.npmjs.org/@types/node/-/node-18.0.0.tgz",
			"integrity": "sha512-cHlGmko4gWLVI27cGJntjs/Sj8th9aYwplmZFwmmgYQQvL5NUsgVJG7OddLvNfLqYS31KFN0s3qlaD9qCaxACA==",
			"dev": true
		},
		"zopfli.js": {
			"version": "1.0.0",
			"resolved": "https://registry.npmjs.org/zopfli.js/-/zopfli.js-1.0.0.tgz",
			"integrity": "sha512-/MIEHW2r5/5LCf54Yf9/HmUls6aEVRLU/y5ii1D+l0PlFf7Va5K2e/m+G7o3CLhFsT1pfiFO9HAiBcb/lkGUBg=="
		}
	}
}
