{
	"name": "fetchcrunch",
	"version": "1.0.0-beta.4",
	"lockfileVersion": 2,
	"requires": true,
	"packages": {
		"": {
			"name": "fetchcrunch",
			"version": "1.0.0-beta.4",
			"license": "MIT",
			"dependencies": {
				"parse5": "^7.0.0"
			},
			"bin": {
				"fetchcrunch": "cli.js"
			},
			"devDependencies": {
				"@types/node": "^18.0.0",
				"typescript": "^4.7.4"
			}
		},
		"node_modules/@types/node": {
			"version": "18.0.3",
			"resolved": "https://registry.npmjs.org/@types/node/-/node-18.0.3.tgz",
			"integrity": "sha512-HzNRZtp4eepNitP+BD6k2L6DROIDG4Q0fm4x+dwfsr6LGmROENnok75VGw40628xf+iR24WeMFcHuuBDUAzzsQ==",
			"dev": true
		},
		"node_modules/entities": {
			"version": "4.3.1",
			"resolved": "https://registry.npmjs.org/entities/-/entities-4.3.1.tgz",
			"integrity": "sha512-o4q/dYJlmyjP2zfnaWDUC6A3BQFmVTX+tZPezK7k0GLSU9QYCauscf5Y+qcEPzKL+EixVouYDgLQK5H9GrLpkg==",
			"engines": {
				"node": ">=0.12"
			},
			"funding": {
				"url": "https://github.com/fb55/entities?sponsor=1"
			}
		},
		"node_modules/parse5": {
			"version": "7.0.0",
			"resolved": "https://registry.npmjs.org/parse5/-/parse5-7.0.0.tgz",
			"integrity": "sha512-y/t8IXSPWTuRZqXc0ajH/UwDj4mnqLEbSttNbThcFhGrZuOyoyvNBO85PBp2jQa55wY9d07PBNjsK8ZP3K5U6g==",
			"dependencies": {
				"entities": "^4.3.0"
			},
			"funding": {
				"url": "https://github.com/inikulin/parse5?sponsor=1"
			}
		},
		"node_modules/typescript": {
			"version": "4.7.4",
			"resolved": "https://registry.npmjs.org/typescript/-/typescript-4.7.4.tgz",
			"integrity": "sha512-C0WQT0gezHuw6AdY1M2jxUO83Rjf0HP7Sk1DtXj6j1EwkQNZrHAg2XPWlq62oqEhYvONq5pkC2Y9oPljWToLmQ==",
			"dev": true,
			"bin": {
				"tsc": "bin/tsc",
				"tsserver": "bin/tsserver"
			},
			"engines": {
				"node": ">=4.2.0"
			}
		}
	},
	"dependencies": {
		"@types/node": {
			"version": "18.0.3",
			"resolved": "https://registry.npmjs.org/@types/node/-/node-18.0.3.tgz",
			"integrity": "sha512-HzNRZtp4eepNitP+BD6k2L6DROIDG4Q0fm4x+dwfsr6LGmROENnok75VGw40628xf+iR24WeMFcHuuBDUAzzsQ==",
			"dev": true
		},
		"entities": {
			"version": "4.3.1",
			"resolved": "https://registry.npmjs.org/entities/-/entities-4.3.1.tgz",
			"integrity": "sha512-o4q/dYJlmyjP2zfnaWDUC6A3BQFmVTX+tZPezK7k0GLSU9QYCauscf5Y+qcEPzKL+EixVouYDgLQK5H9GrLpkg=="
		},
		"parse5": {
			"version": "7.0.0",
			"resolved": "https://registry.npmjs.org/parse5/-/parse5-7.0.0.tgz",
			"integrity": "sha512-y/t8IXSPWTuRZqXc0ajH/UwDj4mnqLEbSttNbThcFhGrZuOyoyvNBO85PBp2jQa55wY9d07PBNjsK8ZP3K5U6g==",
			"requires": {
				"entities": "^4.3.0"
			}
		},
		"typescript": {
			"version": "4.7.4",
			"resolved": "https://registry.npmjs.org/typescript/-/typescript-4.7.4.tgz",
			"integrity": "sha512-C0WQT0gezHuw6AdY1M2jxUO83Rjf0HP7Sk1DtXj6j1EwkQNZrHAg2XPWlq62oqEhYvONq5pkC2Y9oPljWToLmQ==",
			"dev": true
		}
	}
}
